
Microsoft Visual Studio Solution File, Format Version 12.00
# Visual Studio Version 17
VisualStudioVersion = 17.7.34202.233
MinimumVisualStudioVersion = 10.0.40219.1
Project("{FAE04EC0-301F-11D3-BF4B-00C04F79EFBC}") = "StructuralDesignPatternDemo", "StructuralDesignPatternDemo\StructuralDesignPatternDemo.csproj", "{AB84B73E-0C91-4496-A397-BD4015EA4090}"
EndProject
Global
	GlobalSection(SolutionConfigurationPlatforms) = preSolution
		Debug|Any CPU = Debug|Any CPU
		Release|Any CPU = Release|Any CPU
	EndGlobalSection
	GlobalSection(ProjectConfigurationPlatforms) = postSolution
		{AB84B73E-0C91-4496-A397-BD4015EA4090}.Debug|Any CPU.ActiveCfg = Debug|Any CPU
		{AB84B73E-0C91-4496-A397-BD4015EA4090}.Debug|Any CPU.Build.0 = Debug|Any CPU
		{AB84B73E-0C91-4496-A397-BD4015EA4090}.Release|Any CPU.ActiveCfg = Release|Any CPU
		{AB84B73E-0C91-4496-A397-BD4015EA4090}.Release|Any CPU.Build.0 = Release|Any CPU
	EndGlobalSection
	GlobalSection(SolutionProperties) = preSolution
		HideSolutionNode = FALSE
	EndGlobalSection
	GlobalSection(ExtensibilityGlobals) = postSolution
		SolutionGuid = {A921F753-8DC6-47A1-9BF6-BB796AD3B023}
	EndGlobalSection
EndGlobal
